
Microsoft Visual Studio Solution File, Format Version 12.00
# Visual Studio Version 17
VisualStudioVersion = 17.8.34525.116
MinimumVisualStudioVersion = 10.0.40219.1
Project("{2150E333-8FDC-42A3-9474-1A3956D46DE8}") = "src", "src", "{1D277F12-C920-4E2B-A2F5-0A8D8EEF71A0}"
EndProject
Project("{2150E333-8FDC-42A3-9474-1A3956D46DE8}") = "test", "test", "{56C639C6-004C-497F-9D9C-FA3DFCE625FB}"
EndProject
Project("{FAE04EC0-301F-11D3-BF4B-00C04F79EFBC}") = "RuQu", "src\RuQu\RuQu.csproj", "{D8AA49BA-E65A-4085-AEA8-FD70A1FA52A3}"
EndProject
Project("{FAE04EC0-301F-11D3-BF4B-00C04F79EFBC}") = "RuQu.UT", "test\RuQu.UT\RuQu.UT.csproj", "{799A18E5-3AEE-4EAB-8CC4-387FDE556A49}"
EndProject
Project("{2150E333-8FDC-42A3-9474-1A3956D46DE8}") = "Examples", "Examples", "{E7B2B6F9-A64D-435A-9169-31D8DD8ECB50}"
EndProject
Project("{FAE04EC0-301F-11D3-BF4B-00C04F79EFBC}") = "RuQu.HexColor", "src\Examples\RuQu.HexColor\RuQu.HexColor.csproj", "{9E75008F-4783-435C-94B3-A2F42149DB80}"
EndProject
Project("{2150E333-8FDC-42A3-9474-1A3956D46DE8}") = "Benchmarks", "Benchmarks", "{417CB96E-B32B-4088-A4CF-E8322D1C6BA6}"
EndProject
Project("{FAE04EC0-301F-11D3-BF4B-00C04F79EFBC}") = "RuQu.HexColor.Benchmark", "test\Benchmarks\RuQu.HexColor.Benchmark\RuQu.HexColor.Benchmark.csproj", "{F34E1788-D09F-4325-9DD6-C3CBB749E7CC}"
EndProject
Global
	GlobalSection(SolutionConfigurationPlatforms) = preSolution
		Debug|Any CPU = Debug|Any CPU
		Release|Any CPU = Release|Any CPU
	EndGlobalSection
	GlobalSection(ProjectConfigurationPlatforms) = postSolution
		{D8AA49BA-E65A-4085-AEA8-FD70A1FA52A3}.Debug|Any CPU.ActiveCfg = Debug|Any CPU
		{D8AA49BA-E65A-4085-AEA8-FD70A1FA52A3}.Debug|Any CPU.Build.0 = Debug|Any CPU
		{D8AA49BA-E65A-4085-AEA8-FD70A1FA52A3}.Release|Any CPU.ActiveCfg = Release|Any CPU
		{D8AA49BA-E65A-4085-AEA8-FD70A1FA52A3}.Release|Any CPU.Build.0 = Release|Any CPU
		{799A18E5-3AEE-4EAB-8CC4-387FDE556A49}.Debug|Any CPU.ActiveCfg = Debug|Any CPU
		{799A18E5-3AEE-4EAB-8CC4-387FDE556A49}.Debug|Any CPU.Build.0 = Debug|Any CPU
		{799A18E5-3AEE-4EAB-8CC4-387FDE556A49}.Release|Any CPU.ActiveCfg = Release|Any CPU
		{799A18E5-3AEE-4EAB-8CC4-387FDE556A49}.Release|Any CPU.Build.0 = Release|Any CPU
		{9E75008F-4783-435C-94B3-A2F42149DB80}.Debug|Any CPU.ActiveCfg = Debug|Any CPU
		{9E75008F-4783-435C-94B3-A2F42149DB80}.Debug|Any CPU.Build.0 = Debug|Any CPU
		{9E75008F-4783-435C-94B3-A2F42149DB80}.Release|Any CPU.ActiveCfg = Release|Any CPU
		{9E75008F-4783-435C-94B3-A2F42149DB80}.Release|Any CPU.Build.0 = Release|Any CPU
		{F34E1788-D09F-4325-9DD6-C3CBB749E7CC}.Debug|Any CPU.ActiveCfg = Debug|Any CPU
		{F34E1788-D09F-4325-9DD6-C3CBB749E7CC}.Debug|Any CPU.Build.0 = Debug|Any CPU
		{F34E1788-D09F-4325-9DD6-C3CBB749E7CC}.Release|Any CPU.ActiveCfg = Release|Any CPU
		{F34E1788-D09F-4325-9DD6-C3CBB749E7CC}.Release|Any CPU.Build.0 = Release|Any CPU
	EndGlobalSection
	GlobalSection(SolutionProperties) = preSolution
		HideSolutionNode = FALSE
	EndGlobalSection
	GlobalSection(NestedProjects) = preSolution
		{D8AA49BA-E65A-4085-AEA8-FD70A1FA52A3} = {1D277F12-C920-4E2B-A2F5-0A8D8EEF71A0}
		{799A18E5-3AEE-4EAB-8CC4-387FDE556A49} = {56C639C6-004C-497F-9D9C-FA3DFCE625FB}
		{E7B2B6F9-A64D-435A-9169-31D8DD8ECB50} = {1D277F12-C920-4E2B-A2F5-0A8D8EEF71A0}
		{9E75008F-4783-435C-94B3-A2F42149DB80} = {E7B2B6F9-A64D-435A-9169-31D8DD8ECB50}
		{417CB96E-B32B-4088-A4CF-E8322D1C6BA6} = {56C639C6-004C-497F-9D9C-FA3DFCE625FB}
		{F34E1788-D09F-4325-9DD6-C3CBB749E7CC} = {417CB96E-B32B-4088-A4CF-E8322D1C6BA6}
	EndGlobalSection
	GlobalSection(ExtensibilityGlobals) = postSolution
		SolutionGuid = {0866A552-5E78-4403-94E6-2C539A60EECE}
	EndGlobalSection
EndGlobal
